
Microsoft Visual Studio Solution File, Format Version 12.00
# Visual Studio Version 16
VisualStudioVersion = 16.0.30225.117
MinimumVisualStudioVersion = 10.0.40219.1
Project("{9A19103F-16F7-4668-BE54-9A1E7A4F7556}") = "MDDM.DatabaseBase", "MDDM.DatabaseBase\MDDM.DatabaseBase.csproj", "{281B6825-C91B-46F7-A7C6-D9DD6D4898D6}"
EndProject
Project("{FAE04EC0-301F-11D3-BF4B-00C04F79EFBC}") = "MDDM.DatabaseBase.Oracle", "MDDM.DatabaseBase.Oracle\MDDM.DatabaseBase.Oracle.csproj", "{BB402040-5FBF-4F6B-8338-C3CF4BFFBA71}"
EndProject
Global
	GlobalSection(SolutionConfigurationPlatforms) = preSolution
		Debug|Any CPU = Debug|Any CPU
		Release|Any CPU = Release|Any CPU
	EndGlobalSection
	GlobalSection(ProjectConfigurationPlatforms) = postSolution
		{281B6825-C91B-46F7-A7C6-D9DD6D4898D6}.Debug|Any CPU.ActiveCfg = Debug|Any CPU
		{281B6825-C91B-46F7-A7C6-D9DD6D4898D6}.Debug|Any CPU.Build.0 = Debug|Any CPU
		{281B6825-C91B-46F7-A7C6-D9DD6D4898D6}.Release|Any CPU.ActiveCfg = Release|Any CPU
		{281B6825-C91B-46F7-A7C6-D9DD6D4898D6}.Release|Any CPU.Build.0 = Release|Any CPU
		{BB402040-5FBF-4F6B-8338-C3CF4BFFBA71}.Debug|Any CPU.ActiveCfg = Debug|Any CPU
		{BB402040-5FBF-4F6B-8338-C3CF4BFFBA71}.Debug|Any CPU.Build.0 = Debug|Any CPU
		{BB402040-5FBF-4F6B-8338-C3CF4BFFBA71}.Release|Any CPU.ActiveCfg = Release|Any CPU
		{BB402040-5FBF-4F6B-8338-C3CF4BFFBA71}.Release|Any CPU.Build.0 = Release|Any CPU
	EndGlobalSection
	GlobalSection(SolutionProperties) = preSolution
		HideSolutionNode = FALSE
	EndGlobalSection
	GlobalSection(ExtensibilityGlobals) = postSolution
		SolutionGuid = {47237312-BD13-41D9-8778-3BC3C2191FBE}
	EndGlobalSection
EndGlobal
